// !$*UTF8*$!
{
	archiveVersion = 1;
	classes = {
	};
	objectVersion = 55;
	objects = {

/* Begin PBXBuildFile section */
		9889A0970984943CBAC504B1 /* Pods_Pokedex.framework in Frameworks */ = {isa = PBXBuildFile; fileRef = B9E07B2F672986C65B971293 /* Pods_Pokedex.framework */; };
		E13D422C28965947005458FF /* PokemonCard.swift in Sources */ = {isa = PBXBuildFile; fileRef = E13D422B28965947005458FF /* PokemonCard.swift */; };
		E1916F0A28989E2E0096A558 /* Pokemon.swift in Sources */ = {isa = PBXBuildFile; fileRef = E1916F0928989E2E0096A558 /* Pokemon.swift */; };
		E1A604C32895ED8400B33FFE /* AppDelegate.swift in Sources */ = {isa = PBXBuildFile; fileRef = E1A604C22895ED8400B33FFE /* AppDelegate.swift */; };
		E1A604C52895ED8400B33FFE /* SceneDelegate.swift in Sources */ = {isa = PBXBuildFile; fileRef = E1A604C42895ED8400B33FFE /* SceneDelegate.swift */; };
		E1A604CC2895ED8500B33FFE /* Assets.xcassets in Resources */ = {isa = PBXBuildFile; fileRef = E1A604CB2895ED8500B33FFE /* Assets.xcassets */; };
		E1A604CF2895ED8500B33FFE /* LaunchScreen.storyboard in Resources */ = {isa = PBXBuildFile; fileRef = E1A604CD2895ED8500B33FFE /* LaunchScreen.storyboard */; };
		E1A604DC2895F03900B33FFE /* Service.swift in Sources */ = {isa = PBXBuildFile; fileRef = E1A604DB2895F03900B33FFE /* Service.swift */; };
		E1A604E02896082200B33FFE /* GalleryViewController.swift in Sources */ = {isa = PBXBuildFile; fileRef = E1A604DF2896082200B33FFE /* GalleryViewController.swift */; };
		E1EAF5402896162300C88A6E /* GalleryView.swift in Sources */ = {isa = PBXBuildFile; fileRef = E1EAF53F2896162300C88A6E /* GalleryView.swift */; };
		E1EAF544289625DE00C88A6E /* Constants.swift in Sources */ = {isa = PBXBuildFile; fileRef = E1EAF543289625DE00C88A6E /* Constants.swift */; };
		E1F16FFA2896355300E20E3B /* LoginViewController.swift in Sources */ = {isa = PBXBuildFile; fileRef = E1F16FF92896355300E20E3B /* LoginViewController.swift */; };
/* End PBXBuildFile section */

/* Begin PBXFileReference section */
		07114A8FE694684083318B8F /* Pods-Pokedex.release.xcconfig */ = {isa = PBXFileReference; includeInIndex = 1; lastKnownFileType = text.xcconfig; name = "Pods-Pokedex.release.xcconfig"; path = "Target Support Files/Pods-Pokedex/Pods-Pokedex.release.xcconfig"; sourceTree = "<group>"; };
		B9E07B2F672986C65B971293 /* Pods_Pokedex.framework */ = {isa = PBXFileReference; explicitFileType = wrapper.framework; includeInIndex = 0; path = Pods_Pokedex.framework; sourceTree = BUILT_PRODUCTS_DIR; };
		DB6AA27A229440766386ED03 /* Pods-Pokedex.debug.xcconfig */ = {isa = PBXFileReference; includeInIndex = 1; lastKnownFileType = text.xcconfig; name = "Pods-Pokedex.debug.xcconfig"; path = "Target Support Files/Pods-Pokedex/Pods-Pokedex.debug.xcconfig"; sourceTree = "<group>"; };
		E13D422B28965947005458FF /* PokemonCard.swift */ = {isa = PBXFileReference; lastKnownFileType = sourcecode.swift; path = PokemonCard.swift; sourceTree = "<group>"; };
		E1916F0928989E2E0096A558 /* Pokemon.swift */ = {isa = PBXFileReference; lastKnownFileType = sourcecode.swift; path = Pokemon.swift; sourceTree = "<group>"; };
		E1A604BF2895ED8400B33FFE /* Pokedex.app */ = {isa = PBXFileReference; explicitFileType = wrapper.application; includeInIndex = 0; path = Pokedex.app; sourceTree = BUILT_PRODUCTS_DIR; };
		E1A604C22895ED8400B33FFE /* AppDelegate.swift */ = {isa = PBXFileReference; lastKnownFileType = sourcecode.swift; path = AppDelegate.swift; sourceTree = "<group>"; };
		E1A604C42895ED8400B33FFE /* SceneDelegate.swift */ = {isa = PBXFileReference; lastKnownFileType = sourcecode.swift; path = SceneDelegate.swift; sourceTree = "<group>"; };
		E1A604CB2895ED8500B33FFE /* Assets.xcassets */ = {isa = PBXFileReference; lastKnownFileType = folder.assetcatalog; path = Assets.xcassets; sourceTree = "<group>"; };
		E1A604CE2895ED8500B33FFE /* Base */ = {isa = PBXFileReference; lastKnownFileType = file.storyboard; name = Base; path = Base.lproj/LaunchScreen.storyboard; sourceTree = "<group>"; };
		E1A604D02895ED8500B33FFE /* Info.plist */ = {isa = PBXFileReference; lastKnownFileType = text.plist.xml; path = Info.plist; sourceTree = "<group>"; };
		E1A604DB2895F03900B33FFE /* Service.swift */ = {isa = PBXFileReference; lastKnownFileType = sourcecode.swift; path = Service.swift; sourceTree = "<group>"; };
		E1A604DF2896082200B33FFE /* GalleryViewController.swift */ = {isa = PBXFileReference; lastKnownFileType = sourcecode.swift; path = GalleryViewController.swift; sourceTree = "<group>"; };
		E1EAF53F2896162300C88A6E /* GalleryView.swift */ = {isa = PBXFileReference; lastKnownFileType = sourcecode.swift; path = GalleryView.swift; sourceTree = "<group>"; };
		E1EAF543289625DE00C88A6E /* Constants.swift */ = {isa = PBXFileReference; lastKnownFileType = sourcecode.swift; path = Constants.swift; sourceTree = "<group>"; };
		E1F16FF92896355300E20E3B /* LoginViewController.swift */ = {isa = PBXFileReference; lastKnownFileType = sourcecode.swift; path = LoginViewController.swift; sourceTree = "<group>"; };
/* End PBXFileReference section */

/* Begin PBXFrameworksBuildPhase section */
		E1A604BC2895ED8400B33FFE /* Frameworks */ = {
			isa = PBXFrameworksBuildPhase;
			buildActionMask = 2147483647;
			files = (
				9889A0970984943CBAC504B1 /* Pods_Pokedex.framework in Frameworks */,
			);
			runOnlyForDeploymentPostprocessing = 0;
		};
/* End PBXFrameworksBuildPhase section */

/* Begin PBXGroup section */
		3793B919CB50B7EAD03B0C76 /* Pods */ = {
			isa = PBXGroup;
			children = (
				DB6AA27A229440766386ED03 /* Pods-Pokedex.debug.xcconfig */,
				07114A8FE694684083318B8F /* Pods-Pokedex.release.xcconfig */,
			);
			name = Pods;
			path = Pods;
			sourceTree = "<group>";
		};
		3C7EE86F44789DABBD7F3D7A /* Frameworks */ = {
			isa = PBXGroup;
			children = (
				B9E07B2F672986C65B971293 /* Pods_Pokedex.framework */,
			);
			name = Frameworks;
			sourceTree = "<group>";
		};
		E1A604B62895ED8400B33FFE = {
			isa = PBXGroup;
			children = (
				E1A604C12895ED8400B33FFE /* Pokedex */,
				E1A604C02895ED8400B33FFE /* Products */,
				3793B919CB50B7EAD03B0C76 /* Pods */,
				3C7EE86F44789DABBD7F3D7A /* Frameworks */,
			);
			sourceTree = "<group>";
		};
		E1A604C02895ED8400B33FFE /* Products */ = {
			isa = PBXGroup;
			children = (
				E1A604BF2895ED8400B33FFE /* Pokedex.app */,
			);
			name = Products;
			sourceTree = "<group>";
		};
		E1A604C12895ED8400B33FFE /* Pokedex */ = {
			isa = PBXGroup;
			children = (
				E1A604DE2895FAD600B33FFE /* Resources */,
				E1A604DD2895F91400B33FFE /* Aplication */,
				E1A604DA2895EDA400B33FFE /* Model */,
				E1A604D92895EDA100B33FFE /* View */,
				E1A604D82895ED9F00B33FFE /* Controller */,
				E1A604D72895ED9D00B33FFE /* Service */,
				E1A604D62895ED9900B33FFE /* Constants */,
				E1A604D02895ED8500B33FFE /* Info.plist */,
			);
			path = Pokedex;
			sourceTree = "<group>";
		};
		E1A604D62895ED9900B33FFE /* Constants */ = {
			isa = PBXGroup;
			children = (
				E1EAF543289625DE00C88A6E /* Constants.swift */,
			);
			path = Constants;
			sourceTree = "<group>";
		};
		E1A604D72895ED9D00B33FFE /* Service */ = {
			isa = PBXGroup;
			children = (
				E1A604DB2895F03900B33FFE /* Service.swift */,
			);
			path = Service;
			sourceTree = "<group>";
		};
		E1A604D82895ED9F00B33FFE /* Controller */ = {
			isa = PBXGroup;
			children = (
				E1A604DF2896082200B33FFE /* GalleryViewController.swift */,
				E1F16FF92896355300E20E3B /* LoginViewController.swift */,
			);
			path = Controller;
			sourceTree = "<group>";
		};
		E1A604D92895EDA100B33FFE /* View */ = {
			isa = PBXGroup;
			children = (
				E1EAF53F2896162300C88A6E /* GalleryView.swift */,
				E13D422B28965947005458FF /* PokemonCard.swift */,
			);
			path = View;
			sourceTree = "<group>";
		};
		E1A604DA2895EDA400B33FFE /* Model */ = {
			isa = PBXGroup;
			children = (
				E1916F0928989E2E0096A558 /* Pokemon.swift */,
			);
			path = Model;
			sourceTree = "<group>";
		};
		E1A604DD2895F91400B33FFE /* Aplication */ = {
			isa = PBXGroup;
			children = (
				E1A604C22895ED8400B33FFE /* AppDelegate.swift */,
				E1A604C42895ED8400B33FFE /* SceneDelegate.swift */,
				E1A604CD2895ED8500B33FFE /* LaunchScreen.storyboard */,
			);
			path = Aplication;
			sourceTree = "<group>";
		};
		E1A604DE2895FAD600B33FFE /* Resources */ = {
			isa = PBXGroup;
			children = (
				E1A604CB2895ED8500B33FFE /* Assets.xcassets */,
			);
			path = Resources;
			sourceTree = "<group>";
		};
/* End PBXGroup section */

/* Begin PBXNativeTarget section */
		E1A604BE2895ED8400B33FFE /* Pokedex */ = {
			isa = PBXNativeTarget;
			buildConfigurationList = E1A604D32895ED8500B33FFE /* Build configuration list for PBXNativeTarget "Pokedex" */;
			buildPhases = (
				8C10BEA9E7E39C1BDD08E1A0 /* [CP] Check Pods Manifest.lock */,
				E1A604BB2895ED8400B33FFE /* Sources */,
				E1A604BC2895ED8400B33FFE /* Frameworks */,
				E1A604BD2895ED8400B33FFE /* Resources */,
				DDE11A538C5B1C3A948E0143 /* [CP] Embed Pods Frameworks */,
			);
			buildRules = (
			);
			dependencies = (
			);
			name = Pokedex;
			productName = Pokedex;
			productReference = E1A604BF2895ED8400B33FFE /* Pokedex.app */;
			productType = "com.apple.product-type.application";
		};
/* End PBXNativeTarget section */

/* Begin PBXProject section */
		E1A604B72895ED8400B33FFE /* Project object */ = {
			isa = PBXProject;
			attributes = {
				BuildIndependentTargetsInParallel = 1;
				LastSwiftUpdateCheck = 1340;
				LastUpgradeCheck = 1340;
				TargetAttributes = {
					E1A604BE2895ED8400B33FFE = {
						CreatedOnToolsVersion = 13.4.1;
					};
				};
			};
			buildConfigurationList = E1A604BA2895ED8400B33FFE /* Build configuration list for PBXProject "Pokedex" */;
			compatibilityVersion = "Xcode 13.0";
			developmentRegion = en;
			hasScannedForEncodings = 0;
			knownRegions = (
				en,
				Base,
			);
			mainGroup = E1A604B62895ED8400B33FFE;
			productRefGroup = E1A604C02895ED8400B33FFE /* Products */;
			projectDirPath = "";
			projectRoot = "";
			targets = (
				E1A604BE2895ED8400B33FFE /* Pokedex */,
			);
		};
/* End PBXProject section */

/* Begin PBXResourcesBuildPhase section */
		E1A604BD2895ED8400B33FFE /* Resources */ = {
			isa = PBXResourcesBuildPhase;
			buildActionMask = 2147483647;
			files = (
				E1A604CF2895ED8500B33FFE /* LaunchScreen.storyboard in Resources */,
				E1A604CC2895ED8500B33FFE /* Assets.xcassets in Resources */,
			);
			runOnlyForDeploymentPostprocessing = 0;
		};
/* End PBXResourcesBuildPhase section */

/* Begin PBXShellScriptBuildPhase section */
		8C10BEA9E7E39C1BDD08E1A0 /* [CP] Check Pods Manifest.lock */ = {
			isa = PBXShellScriptBuildPhase;
			buildActionMask = 2147483647;
			files = (
			);
			inputFileListPaths = (
			);
			inputPaths = (
				"${PODS_PODFILE_DIR_PATH}/Podfile.lock",
				"${PODS_ROOT}/Manifest.lock",
			);
			name = "[CP] Check Pods Manifest.lock";
			outputFileListPaths = (
			);
			outputPaths = (
				"$(DERIVED_FILE_DIR)/Pods-Pokedex-checkManifestLockResult.txt",
			);
			runOnlyForDeploymentPostprocessing = 0;
			shellPath = /bin/sh;
			shellScript = "diff \"${PODS_PODFILE_DIR_PATH}/Podfile.lock\" \"${PODS_ROOT}/Manifest.lock\" > /dev/null\nif [ $? != 0 ] ; then\n    # print error to STDERR\n    echo \"error: The sandbox is not in sync with the Podfile.lock. Run 'pod install' or update your CocoaPods installation.\" >&2\n    exit 1\nfi\n# This output is used by Xcode 'outputs' to avoid re-running this script phase.\necho \"SUCCESS\" > \"${SCRIPT_OUTPUT_FILE_0}\"\n";
			showEnvVarsInLog = 0;
		};
		DDE11A538C5B1C3A948E0143 /* [CP] Embed Pods Frameworks */ = {
			isa = PBXShellScriptBuildPhase;
			buildActionMask = 2147483647;
			files = (
			);
			inputFileListPaths = (
				"${PODS_ROOT}/Target Support Files/Pods-Pokedex/Pods-Pokedex-frameworks-${CONFIGURATION}-input-files.xcfilelist",
			);
			name = "[CP] Embed Pods Frameworks";
			outputFileListPaths = (
				"${PODS_ROOT}/Target Support Files/Pods-Pokedex/Pods-Pokedex-frameworks-${CONFIGURATION}-output-files.xcfilelist",
			);
			runOnlyForDeploymentPostprocessing = 0;
			shellPath = /bin/sh;
			shellScript = "\"${PODS_ROOT}/Target Support Files/Pods-Pokedex/Pods-Pokedex-frameworks.sh\"\n";
			showEnvVarsInLog = 0;
		};
/* End PBXShellScriptBuildPhase section */

/* Begin PBXSourcesBuildPhase section */
		E1A604BB2895ED8400B33FFE /* Sources */ = {
			isa = PBXSourcesBuildPhase;
			buildActionMask = 2147483647;
			files = (
				E1F16FFA2896355300E20E3B /* LoginViewController.swift in Sources */,
				E1A604DC2895F03900B33FFE /* Service.swift in Sources */,
				E1A604E02896082200B33FFE /* GalleryViewController.swift in Sources */,
				E1A604C32895ED8400B33FFE /* AppDelegate.swift in Sources */,
				E1A604C52895ED8400B33FFE /* SceneDelegate.swift in Sources */,
				E1916F0A28989E2E0096A558 /* Pokemon.swift in Sources */,
				E1EAF5402896162300C88A6E /* GalleryView.swift in Sources */,
				E1EAF544289625DE00C88A6E /* Constants.swift in Sources */,
				E13D422C28965947005458FF /* PokemonCard.swift in Sources */,
			);
			runOnlyForDeploymentPostprocessing = 0;
		};
/* End PBXSourcesBuildPhase section */

/* Begin PBXVariantGroup section */
		E1A604CD2895ED8500B33FFE /* LaunchScreen.storyboard */ = {
			isa = PBXVariantGroup;
			children = (
				E1A604CE2895ED8500B33FFE /* Base */,
			);
			name = LaunchScreen.storyboard;
			sourceTree = "<group>";
		};
/* End PBXVariantGroup section */

/* Begin XCBuildConfiguration section */
		E1A604D12895ED8500B33FFE /* Debug */ = {
			isa = XCBuildConfiguration;
			buildSettings = {
				ALWAYS_SEARCH_USER_PATHS = NO;
				CLANG_ANALYZER_NONNULL = YES;
				CLANG_ANALYZER_NUMBER_OBJECT_CONVERSION = YES_AGGRESSIVE;
				CLANG_CXX_LANGUAGE_STANDARD = "gnu++17";
				CLANG_ENABLE_MODULES = YES;
				CLANG_ENABLE_OBJC_ARC = YES;
				CLANG_ENABLE_OBJC_WEAK = YES;
				CLANG_WARN_BLOCK_CAPTURE_AUTORELEASING = YES;
				CLANG_WARN_BOOL_CONVERSION = YES;
				CLANG_WARN_COMMA = YES;
				CLANG_WARN_CONSTANT_CONVERSION = YES;
				CLANG_WARN_DEPRECATED_OBJC_IMPLEMENTATIONS = YES;
				CLANG_WARN_DIRECT_OBJC_ISA_USAGE = YES_ERROR;
				CLANG_WARN_DOCUMENTATION_COMMENTS = YES;
				CLANG_WARN_EMPTY_BODY = YES;
				CLANG_WARN_ENUM_CONVERSION = YES;
				CLANG_WARN_INFINITE_RECURSION = YES;
				CLANG_WARN_INT_CONVERSION = YES;
				CLANG_WARN_NON_LITERAL_NULL_CONVERSION = YES;
				CLANG_WARN_OBJC_IMPLICIT_RETAIN_SELF = YES;
				CLANG_WARN_OBJC_LITERAL_CONVERSION = YES;
				CLANG_WARN_OBJC_ROOT_CLASS = YES_ERROR;
				CLANG_WARN_QUOTED_INCLUDE_IN_FRAMEWORK_HEADER = YES;
				CLANG_WARN_RANGE_LOOP_ANALYSIS = YES;
				CLANG_WARN_STRICT_PROTOTYPES = YES;
				CLANG_WARN_SUSPICIOUS_MOVE = YES;
				CLANG_WARN_UNGUARDED_AVAILABILITY = YES_AGGRESSIVE;
				CLANG_WARN_UNREACHABLE_CODE = YES;
				CLANG_WARN__DUPLICATE_METHOD_MATCH = YES;
				COPY_PHASE_STRIP = NO;
				DEBUG_INFORMATION_FORMAT = dwarf;
				ENABLE_STRICT_OBJC_MSGSEND = YES;
				ENABLE_TESTABILITY = YES;
				GCC_C_LANGUAGE_STANDARD = gnu11;
				GCC_DYNAMIC_NO_PIC = NO;
				GCC_NO_COMMON_BLOCKS = YES;
				GCC_OPTIMIZATION_LEVEL = 0;
				GCC_PREPROCESSOR_DEFINITIONS = (
					"DEBUG=1",
					"$(inherited)",
				);
				GCC_WARN_64_TO_32_BIT_CONVERSION = YES;
				GCC_WARN_ABOUT_RETURN_TYPE = YES_ERROR;
				GCC_WARN_UNDECLARED_SELECTOR = YES;
				GCC_WARN_UNINITIALIZED_AUTOS = YES_AGGRESSIVE;
				GCC_WARN_UNUSED_FUNCTION = YES;
				GCC_WARN_UNUSED_VARIABLE = YES;
				IPHONEOS_DEPLOYMENT_TARGET = 15.5;
				MTL_ENABLE_DEBUG_INFO = INCLUDE_SOURCE;
				MTL_FAST_MATH = YES;
				ONLY_ACTIVE_ARCH = YES;
				SDKROOT = iphoneos;
				SWIFT_ACTIVE_COMPILATION_CONDITIONS = DEBUG;
				SWIFT_OPTIMIZATION_LEVEL = "-Onone";
			};
			name = Debug;
		};
		E1A604D22895ED8500B33FFE /* Release */ = {
			isa = XCBuildConfiguration;
			buildSettings = {
				ALWAYS_SEARCH_USER_PATHS = NO;
				CLANG_ANALYZER_NONNULL = YES;
				CLANG_ANALYZER_NUMBER_OBJECT_CONVERSION = YES_AGGRESSIVE;
				CLANG_CXX_LANGUAGE_STANDARD = "gnu++17";
				CLANG_ENABLE_MODULES = YES;
				CLANG_ENABLE_OBJC_ARC = YES;
				CLANG_ENABLE_OBJC_WEAK = YES;
				CLANG_WARN_BLOCK_CAPTURE_AUTORELEASING = YES;
				CLANG_WARN_BOOL_CONVERSION = YES;
				CLANG_WARN_COMMA = YES;
				CLANG_WARN_CONSTANT_CONVERSION = YES;
				CLANG_WARN_DEPRECATED_OBJC_IMPLEMENTATIONS = YES;
				CLANG_WARN_DIRECT_OBJC_ISA_USAGE = YES_ERROR;
				CLANG_WARN_DOCUMENTATION_COMMENTS = YES;
				CLANG_WARN_EMPTY_BODY = YES;
				CLANG_WARN_ENUM_CONVERSION = YES;
				CLANG_WARN_INFINITE_RECURSION = YES;
				CLANG_WARN_INT_CONVERSION = YES;
				CLANG_WARN_NON_LITERAL_NULL_CONVERSION = YES;
				CLANG_WARN_OBJC_IMPLICIT_RETAIN_SELF = YES;
				CLANG_WARN_OBJC_LITERAL_CONVERSION = YES;
				CLANG_WARN_OBJC_ROOT_CLASS = YES_ERROR;
				CLANG_WARN_QUOTED_INCLUDE_IN_FRAMEWORK_HEADER = YES;
				CLANG_WARN_RANGE_LOOP_ANALYSIS = YES;
				CLANG_WARN_STRICT_PROTOTYPES = YES;
				CLANG_WARN_SUSPICIOUS_MOVE = YES;
				CLANG_WARN_UNGUARDED_AVAILABILITY = YES_AGGRESSIVE;
				CLANG_WARN_UNREACHABLE_CODE = YES;
				CLANG_WARN__DUPLICATE_METHOD_MATCH = YES;
				COPY_PHASE_STRIP = NO;
				DEBUG_INFORMATION_FORMAT = "dwarf-with-dsym";
				ENABLE_NS_ASSERTIONS = NO;
				ENABLE_STRICT_OBJC_MSGSEND = YES;
				GCC_C_LANGUAGE_STANDARD = gnu11;
				GCC_NO_COMMON_BLOCKS = YES;
				GCC_WARN_64_TO_32_BIT_CONVERSION = YES;
				GCC_WARN_ABOUT_RETURN_TYPE = YES_ERROR;
				GCC_WARN_UNDECLARED_SELECTOR = YES;
				GCC_WARN_UNINITIALIZED_AUTOS = YES_AGGRESSIVE;
				GCC_WARN_UNUSED_FUNCTION = YES;
				GCC_WARN_UNUSED_VARIABLE = YES;
				IPHONEOS_DEPLOYMENT_TARGET = 15.5;
				MTL_ENABLE_DEBUG_INFO = NO;
				MTL_FAST_MATH = YES;
				SDKROOT = iphoneos;
				SWIFT_COMPILATION_MODE = wholemodule;
				SWIFT_OPTIMIZATION_LEVEL = "-O";
				VALIDATE_PRODUCT = YES;
			};
			name = Release;
		};
		E1A604D42895ED8500B33FFE /* Debug */ = {
			isa = XCBuildConfiguration;
			baseConfigurationReference = DB6AA27A229440766386ED03 /* Pods-Pokedex.debug.xcconfig */;
			buildSettings = {
				ASSETCATALOG_COMPILER_APPICON_NAME = AppIcon;
				ASSETCATALOG_COMPILER_GLOBAL_ACCENT_COLOR_NAME = AccentColor;
				CODE_SIGN_STYLE = Automatic;
				CURRENT_PROJECT_VERSION = 1;
				DEVELOPMENT_TEAM = KRQ8Y2FQP3;
				GENERATE_INFOPLIST_FILE = YES;
				INFOPLIST_FILE = Pokedex/Info.plist;
				INFOPLIST_KEY_UIApplicationSupportsIndirectInputEvents = YES;
				INFOPLIST_KEY_UILaunchStoryboardName = LaunchScreen;
				INFOPLIST_KEY_UISupportedInterfaceOrientations_iPad = "UIInterfaceOrientationPortrait UIInterfaceOrientationPortraitUpsideDown UIInterfaceOrientationLandscapeLeft UIInterfaceOrientationLandscapeRight";
				INFOPLIST_KEY_UISupportedInterfaceOrientations_iPhone = "UIInterfaceOrientationPortrait UIInterfaceOrientationLandscapeLeft UIInterfaceOrientationLandscapeRight";
				LD_RUNPATH_SEARCH_PATHS = (
					"$(inherited)",
					"@executable_path/Frameworks",
				);
				MARKETING_VERSION = 1.0;
				PRODUCT_BUNDLE_IDENTIFIER = com.WallStudy.Pokedex;
				PRODUCT_NAME = "$(TARGET_NAME)";
				SWIFT_EMIT_LOC_STRINGS = YES;
				SWIFT_VERSION = 5.0;
				TARGETED_DEVICE_FAMILY = "1,2";
			};
			name = Debug;
		};
		E1A604D52895ED8500B33FFE /* Release */ = {
			isa = XCBuildConfiguration;
			baseConfigurationReference = 07114A8FE694684083318B8F /* Pods-Pokedex.release.xcconfig */;
			buildSettings = {
				ASSETCATALOG_COMPILER_APPICON_NAME = AppIcon;
				ASSETCATALOG_COMPILER_GLOBAL_ACCENT_COLOR_NAME = AccentColor;
				CODE_SIGN_STYLE = Automatic;
				CURRENT_PROJECT_VERSION = 1;
				DEVELOPMENT_TEAM = KRQ8Y2FQP3;
				GENERATE_INFOPLIST_FILE = YES;
				INFOPLIST_FILE = Pokedex/Info.plist;
				INFOPLIST_KEY_UIApplicationSupportsIndirectInputEvents = YES;
				INFOPLIST_KEY_UILaunchStoryboardName = LaunchScreen;
				INFOPLIST_KEY_UISupportedInterfaceOrientations_iPad = "UIInterfaceOrientationPortrait UIInterfaceOrientationPortraitUpsideDown UIInterfaceOrientationLandscapeLeft UIInterfaceOrientationLandscapeRight";
				INFOPLIST_KEY_UISupportedInterfaceOrientations_iPhone = "UIInterfaceOrientationPortrait UIInterfaceOrientationLandscapeLeft UIInterfaceOrientationLandscapeRight";
				LD_RUNPATH_SEARCH_PATHS = (
					"$(inherited)",
					"@executable_path/Frameworks",
				);
				MARKETING_VERSION = 1.0;
				PRODUCT_BUNDLE_IDENTIFIER = com.WallStudy.Pokedex;
				PRODUCT_NAME = "$(TARGET_NAME)";
				SWIFT_EMIT_LOC_STRINGS = YES;
				SWIFT_VERSION = 5.0;
				TARGETED_DEVICE_FAMILY = "1,2";
			};
			name = Release;
		};
/* End XCBuildConfiguration section */

/* Begin XCConfigurationList section */
		E1A604BA2895ED8400B33FFE /* Build configuration list for PBXProject "Pokedex" */ = {
			isa = XCConfigurationList;
			buildConfigurations = (
				E1A604D12895ED8500B33FFE /* Debug */,
				E1A604D22895ED8500B33FFE /* Release */,
			);
			defaultConfigurationIsVisible = 0;
			defaultConfigurationName = Release;
		};
		E1A604D32895ED8500B33FFE /* Build configuration list for PBXNativeTarget "Pokedex" */ = {
			isa = XCConfigurationList;
			buildConfigurations = (
				E1A604D42895ED8500B33FFE /* Debug */,
				E1A604D52895ED8500B33FFE /* Release */,
			);
			defaultConfigurationIsVisible = 0;
			defaultConfigurationName = Release;
		};
/* End XCConfigurationList section */
	};
	rootObject = E1A604B72895ED8400B33FFE /* Project object */;
}
